
Microsoft Visual Studio Solution File, Format Version 12.00
# Visual Studio 16
Project("{FAE04EC0-301F-11D3-BF4B-00C04F79EFBC}") = "Assembly-CSharp", "Assembly-CSharp.csproj", "{F47F57E7-B969-ED43-C3AB-F0356AD60B04}"
EndProject
Project("{FAE04EC0-301F-11D3-BF4B-00C04F79EFBC}") = "Assembly-CSharp-Editor", "Assembly-CSharp-Editor.csproj", "{E6A3F257-C599-9C02-A504-2ACCEB9AE2F9}"
EndProject
Global
	GlobalSection(SolutionConfigurationPlatforms) = preSolution
		Debug|Any CPU = Debug|Any CPU
		Release|Any CPU = Release|Any CPU
	EndGlobalSection
	GlobalSection(ProjectConfigurationPlatforms) = postSolution
		{F47F57E7-B969-ED43-C3AB-F0356AD60B04}.Debug|Any CPU.ActiveCfg = Debug|Any CPU
		{F47F57E7-B969-ED43-C3AB-F0356AD60B04}.Debug|Any CPU.Build.0 = Debug|Any CPU
		{F47F57E7-B969-ED43-C3AB-F0356AD60B04}.Release|Any CPU.ActiveCfg = Release|Any CPU
		{F47F57E7-B969-ED43-C3AB-F0356AD60B04}.Release|Any CPU.Build.0 = Release|Any CPU
		{E6A3F257-C599-9C02-A504-2ACCEB9AE2F9}.Debug|Any CPU.ActiveCfg = Debug|Any CPU
		{E6A3F257-C599-9C02-A504-2ACCEB9AE2F9}.Debug|Any CPU.Build.0 = Debug|Any CPU
		{E6A3F257-C599-9C02-A504-2ACCEB9AE2F9}.Release|Any CPU.ActiveCfg = Release|Any CPU
		{E6A3F257-C599-9C02-A504-2ACCEB9AE2F9}.Release|Any CPU.Build.0 = Release|Any CPU
	EndGlobalSection
	GlobalSection(SolutionProperties) = preSolution
		HideSolutionNode = FALSE
	EndGlobalSection
EndGlobal
